
Microsoft Visual Studio Solution File, Format Version 12.00
# Visual Studio Version 17
VisualStudioVersion = 17.3.32922.545
MinimumVisualStudioVersion = 10.0.40219.1
Project("{FAE04EC0-301F-11D3-BF4B-00C04F79EFBC}") = "DarkViewer.App", "DarkViewer.App\DarkViewer.App.csproj", "{FD08407A-82FB-4D2A-9A18-590F971D4AF1}"
EndProject
Project("{FAE04EC0-301F-11D3-BF4B-00C04F79EFBC}") = "DarkViewer.Modbus", "DarkViewer.Modbus\DarkViewer.Modbus.csproj", "{5FE3F626-4A20-415A-B854-9B5F97FF9397}"
EndProject
Project("{FAE04EC0-301F-11D3-BF4B-00C04F79EFBC}") = "DarkViewer.Modbus.Test", "DarkViewer.Modbus.Test\DarkViewer.Modbus.Test.csproj", "{46C66345-A0E5-4E4D-9695-56753FA5B59F}"
EndProject
Global
	GlobalSection(SolutionConfigurationPlatforms) = preSolution
		Debug|Any CPU = Debug|Any CPU
		Release|Any CPU = Release|Any CPU
	EndGlobalSection
	GlobalSection(ProjectConfigurationPlatforms) = postSolution
		{FD08407A-82FB-4D2A-9A18-590F971D4AF1}.Debug|Any CPU.ActiveCfg = Debug|Any CPU
		{FD08407A-82FB-4D2A-9A18-590F971D4AF1}.Debug|Any CPU.Build.0 = Debug|Any CPU
		{FD08407A-82FB-4D2A-9A18-590F971D4AF1}.Release|Any CPU.ActiveCfg = Release|Any CPU
		{FD08407A-82FB-4D2A-9A18-590F971D4AF1}.Release|Any CPU.Build.0 = Release|Any CPU
		{5FE3F626-4A20-415A-B854-9B5F97FF9397}.Debug|Any CPU.ActiveCfg = Debug|Any CPU
		{5FE3F626-4A20-415A-B854-9B5F97FF9397}.Debug|Any CPU.Build.0 = Debug|Any CPU
		{5FE3F626-4A20-415A-B854-9B5F97FF9397}.Release|Any CPU.ActiveCfg = Release|Any CPU
		{5FE3F626-4A20-415A-B854-9B5F97FF9397}.Release|Any CPU.Build.0 = Release|Any CPU
		{46C66345-A0E5-4E4D-9695-56753FA5B59F}.Debug|Any CPU.ActiveCfg = Debug|Any CPU
		{46C66345-A0E5-4E4D-9695-56753FA5B59F}.Debug|Any CPU.Build.0 = Debug|Any CPU
		{46C66345-A0E5-4E4D-9695-56753FA5B59F}.Release|Any CPU.ActiveCfg = Release|Any CPU
		{46C66345-A0E5-4E4D-9695-56753FA5B59F}.Release|Any CPU.Build.0 = Release|Any CPU
	EndGlobalSection
	GlobalSection(SolutionProperties) = preSolution
		HideSolutionNode = FALSE
	EndGlobalSection
	GlobalSection(ExtensibilityGlobals) = postSolution
		SolutionGuid = {44234D16-0B98-48F4-8507-4A8736C062FC}
	EndGlobalSection
EndGlobal
